PODS:
  - REFrostedViewController (2.4.8)

DEPENDENCIES:
  - REFrostedViewController (~> 2.4.8)

SPEC REPOS:
  https://github.com/cocoapods/specs.git:
    - REFrostedViewController

SPEC CHECKSUMS:
  REFrostedViewController: a893b4979ba1f200c547aef9ff4c3fd5a18f5923

PODFILE CHECKSUM: 3500378776e7fea6df340d6fdb2dad8d1bcec87a

COCOAPODS: 1.5.3
